// !$*UTF8*$!
{
	archiveVersion = 1;
	classes = {
	};
	objectVersion = 50;
	objects = {

/* Begin PBXBuildFile section */
		2839E66D20D40C8100453F60 /* AppDelegate.swift in Sources */ = {isa = PBXBuildFile; fileRef = 2839E66C20D40C8100453F60 /* AppDelegate.swift */; };
		2839E66F20D40C8100453F60 /* ViewController.swift in Sources */ = {isa = PBXBuildFile; fileRef = 2839E66E20D40C8100453F60 /* ViewController.swift */; };
		2839E67220D40C8100453F60 /* Main.storyboard in Resources */ = {isa = PBXBuildFile; fileRef = 2839E67020D40C8100453F60 /* Main.storyboard */; };
		2839E67420D40C8200453F60 /* Assets.xcassets in Resources */ = {isa = PBXBuildFile; fileRef = 2839E67320D40C8200453F60 /* Assets.xcassets */; };
		2839E67720D40C8200453F60 /* LaunchScreen.storyboard in Resources */ = {isa = PBXBuildFile; fileRef = 2839E67520D40C8200453F60 /* LaunchScreen.storyboard */; };
		2839E68220D40C8300453F60 /* IOSWithRealmDatabaseTests.swift in Sources */ = {isa = PBXBuildFile; fileRef = 2839E68120D40C8300453F60 /* IOSWithRealmDatabaseTests.swift */; };
		2839E68D20D40C8300453F60 /* IOSWithRealmDatabaseUITests.swift in Sources */ = {isa = PBXBuildFile; fileRef = 2839E68C20D40C8300453F60 /* IOSWithRealmDatabaseUITests.swift */; };
/* End PBXBuildFile section */

/* Begin PBXContainerItemProxy section */
		2839E67E20D40C8300453F60 /* PBXContainerItemProxy */ = {
			isa = PBXContainerItemProxy;
			containerPortal = 2839E66120D40C8100453F60 /* Project object */;
			proxyType = 1;
			remoteGlobalIDString = 2839E66820D40C8100453F60;
			remoteInfo = IOSWithRealmDatabase;
		};
		2839E68920D40C8300453F60 /* PBXContainerItemProxy */ = {
			isa = PBXContainerItemProxy;
			containerPortal = 2839E66120D40C8100453F60 /* Project object */;
			proxyType = 1;
			remoteGlobalIDString = 2839E66820D40C8100453F60;
			remoteInfo = IOSWithRealmDatabase;
		};
/* End PBXContainerItemProxy section */

/* Begin PBXFileReference section */
		2839E66920D40C8100453F60 /* IOSWithRealmDatabase.app */ = {isa = PBXFileReference; explicitFileType = wrapper.application; includeInIndex = 0; path = IOSWithRealmDatabase.app; sourceTree = BUILT_PRODUCTS_DIR; };
		2839E66C20D40C8100453F60 /* AppDelegate.swift */ = {isa = PBXFileReference; lastKnownFileType = sourcecode.swift; path = AppDelegate.swift; sourceTree = "<group>"; };
		2839E66E20D40C8100453F60 /* ViewController.swift */ = {isa = PBXFileReference; lastKnownFileType = sourcecode.swift; path = ViewController.swift; sourceTree = "<group>"; };
		2839E67120D40C8100453F60 /* Base */ = {isa = PBXFileReference; lastKnownFileType = file.storyboard; name = Base; path = Base.lproj/Main.storyboard; sourceTree = "<group>"; };
		2839E67320D40C8200453F60 /* Assets.xcassets */ = {isa = PBXFileReference; lastKnownFileType = folder.assetcatalog; path = Assets.xcassets; sourceTree = "<group>"; };
		2839E67620D40C8200453F60 /* Base */ = {isa = PBXFileReference; lastKnownFileType = file.storyboard; name = Base; path = Base.lproj/LaunchScreen.storyboard; sourceTree = "<group>"; };
		2839E67820D40C8200453F60 /* Info.plist */ = {isa = PBXFileReference; lastKnownFileType = text.plist.xml; path = Info.plist; sourceTree = "<group>"; };
		2839E67D20D40C8300453F60 /* IOSWithRealmDatabaseTests.xctest */ = {isa = PBXFileReference; explicitFileType = wrapper.cfbundle; includeInIndex = 0; path = IOSWithRealmDatabaseTests.xctest; sourceTree = BUILT_PRODUCTS_DIR; };
		2839E68120D40C8300453F60 /* IOSWithRealmDatabaseTests.swift */ = {isa = PBXFileReference; lastKnownFileType = sourcecode.swift; path = IOSWithRealmDatabaseTests.swift; sourceTree = "<group>"; };
		2839E68320D40C8300453F60 /* Info.plist */ = {isa = PBXFileReference; lastKnownFileType = text.plist.xml; path = Info.plist; sourceTree = "<group>"; };
		2839E68820D40C8300453F60 /* IOSWithRealmDatabaseUITests.xctest */ = {isa = PBXFileReference; explicitFileType = wrapper.cfbundle; includeInIndex = 0; path = IOSWithRealmDatabaseUITests.xctest; sourceTree = BUILT_PRODUCTS_DIR; };
		2839E68C20D40C8300453F60 /* IOSWithRealmDatabaseUITests.swift */ = {isa = PBXFileReference; lastKnownFileType = sourcecode.swift; path = IOSWithRealmDatabaseUITests.swift; sourceTree = "<group>"; };
		2839E68E20D40C8300453F60 /* Info.plist */ = {isa = PBXFileReference; lastKnownFileType = text.plist.xml; path = Info.plist; sourceTree = "<group>"; };
/* End PBXFileReference section */

/* Begin PBXFrameworksBuildPhase section */
		2839E66620D40C8100453F60 /* Frameworks */ = {
			isa = PBXFrameworksBuildPhase;
			buildActionMask = 2147483647;
			files = (
			);
			runOnlyForDeploymentPostprocessing = 0;
		};
		2839E67A20D40C8300453F60 /* Frameworks */ = {
			isa = PBXFrameworksBuildPhase;
			buildActionMask = 2147483647;
			files = (
			);
			runOnlyForDeploymentPostprocessing = 0;
		};
		2839E68520D40C8300453F60 /* Frameworks */ = {
			isa = PBXFrameworksBuildPhase;
			buildActionMask = 2147483647;
			files = (
			);
			runOnlyForDeploymentPostprocessing = 0;
		};
/* End PBXFrameworksBuildPhase section */

/* Begin PBXGroup section */
		2839E66020D40C8100453F60 = {
			isa = PBXGroup;
			children = (
				2839E66B20D40C8100453F60 /* IOSWithRealmDatabase */,
				2839E68020D40C8300453F60 /* IOSWithRealmDatabaseTests */,
				2839E68B20D40C8300453F60 /* IOSWithRealmDatabaseUITests */,
				2839E66A20D40C8100453F60 /* Products */,
			);
			sourceTree = "<group>";
		};
		2839E66A20D40C8100453F60 /* Products */ = {
			isa = PBXGroup;
			children = (
				2839E66920D40C8100453F60 /* IOSWithRealmDatabase.app */,
				2839E67D20D40C8300453F60 /* IOSWithRealmDatabaseTests.xctest */,
				2839E68820D40C8300453F60 /* IOSWithRealmDatabaseUITests.xctest */,
			);
			name = Products;
			sourceTree = "<group>";
		};
		2839E66B20D40C8100453F60 /* IOSWithRealmDatabase */ = {
			isa = PBXGroup;
			children = (
				2839E66C20D40C8100453F60 /* AppDelegate.swift */,
				2839E66E20D40C8100453F60 /* ViewController.swift */,
				2839E67020D40C8100453F60 /* Main.storyboard */,
				2839E67320D40C8200453F60 /* Assets.xcassets */,
				2839E67520D40C8200453F60 /* LaunchScreen.storyboard */,
				2839E67820D40C8200453F60 /* Info.plist */,
			);
			path = IOSWithRealmDatabase;
			sourceTree = "<group>";
		};
		2839E68020D40C8300453F60 /* IOSWithRealmDatabaseTests */ = {
			isa = PBXGroup;
			children = (
				2839E68120D40C8300453F60 /* IOSWithRealmDatabaseTests.swift */,
				2839E68320D40C8300453F60 /* Info.plist */,
			);
			path = IOSWithRealmDatabaseTests;
			sourceTree = "<group>";
		};
		2839E68B20D40C8300453F60 /* IOSWithRealmDatabaseUITests */ = {
			isa = PBXGroup;
			children = (
				2839E68C20D40C8300453F60 /* IOSWithRealmDatabaseUITests.swift */,
				2839E68E20D40C8300453F60 /* Info.plist */,
			);
			path = IOSWithRealmDatabaseUITests;
			sourceTree = "<group>";
		};
/* End PBXGroup section */

/* Begin PBXNativeTarget section */
		2839E66820D40C8100453F60 /* IOSWithRealmDatabase */ = {
			isa = PBXNativeTarget;
			buildConfigurationList = 2839E69120D40C8300453F60 /* Build configuration list for PBXNativeTarget "IOSWithRealmDatabase" */;
			buildPhases = (
				2839E66520D40C8100453F60 /* Sources */,
				2839E66620D40C8100453F60 /* Frameworks */,
				2839E66720D40C8100453F60 /* Resources */,
			);
			buildRules = (
			);
			dependencies = (
			);
			name = IOSWithRealmDatabase;
			productName = IOSWithRealmDatabase;
			productReference = 2839E66920D40C8100453F60 /* IOSWithRealmDatabase.app */;
			productType = "com.apple.product-type.application";
		};
		2839E67C20D40C8300453F60 /* IOSWithRealmDatabaseTests */ = {
			isa = PBXNativeTarget;
			buildConfigurationList = 2839E69420D40C8300453F60 /* Build configuration list for PBXNativeTarget "IOSWithRealmDatabaseTests" */;
			buildPhases = (
				2839E67920D40C8300453F60 /* Sources */,
				2839E67A20D40C8300453F60 /* Frameworks */,
				2839E67B20D40C8300453F60 /* Resources */,
			);
			buildRules = (
			);
			dependencies = (
				2839E67F20D40C8300453F60 /* PBXTargetDependency */,
			);
			name = IOSWithRealmDatabaseTests;
			productName = IOSWithRealmDatabaseTests;
			productReference = 2839E67D20D40C8300453F60 /* IOSWithRealmDatabaseTests.xctest */;
			productType = "com.apple.product-type.bundle.unit-test";
		};
		2839E68720D40C8300453F60 /* IOSWithRealmDatabaseUITests */ = {
			isa = PBXNativeTarget;
			buildConfigurationList = 2839E69720D40C8300453F60 /* Build configuration list for PBXNativeTarget "IOSWithRealmDatabaseUITests" */;
			buildPhases = (
				2839E68420D40C8300453F60 /* Sources */,
				2839E68520D40C8300453F60 /* Frameworks */,
				2839E68620D40C8300453F60 /* Resources */,
			);
			buildRules = (
			);
			dependencies = (
				2839E68A20D40C8300453F60 /* PBXTargetDependency */,
			);
			name = IOSWithRealmDatabaseUITests;
			productName = IOSWithRealmDatabaseUITests;
			productReference = 2839E68820D40C8300453F60 /* IOSWithRealmDatabaseUITests.xctest */;
			productType = "com.apple.product-type.bundle.ui-testing";
		};
/* End PBXNativeTarget section */

/* Begin PBXProject section */
		2839E66120D40C8100453F60 /* Project object */ = {
			isa = PBXProject;
			attributes = {
				LastSwiftUpdateCheck = 0940;
				LastUpgradeCheck = 0940;
				ORGANIZATIONNAME = Mac10;
				TargetAttributes = {
					2839E66820D40C8100453F60 = {
						CreatedOnToolsVersion = 9.4;
					};
					2839E67C20D40C8300453F60 = {
						CreatedOnToolsVersion = 9.4;
						TestTargetID = 2839E66820D40C8100453F60;
					};
					2839E68720D40C8300453F60 = {
						CreatedOnToolsVersion = 9.4;
						TestTargetID = 2839E66820D40C8100453F60;
					};
				};
			};
			buildConfigurationList = 2839E66420D40C8100453F60 /* Build configuration list for PBXProject "IOSWithRealmDatabase" */;
			compatibilityVersion = "Xcode 9.3";
			developmentRegion = en;
			hasScannedForEncodings = 0;
			knownRegions = (
				en,
				Base,
			);
			mainGroup = 2839E66020D40C8100453F60;
			productRefGroup = 2839E66A20D40C8100453F60 /* Products */;
			projectDirPath = "";
			projectRoot = "";
			targets = (
				2839E66820D40C8100453F60 /* IOSWithRealmDatabase */,
				2839E67C20D40C8300453F60 /* IOSWithRealmDatabaseTests */,
				2839E68720D40C8300453F60 /* IOSWithRealmDatabaseUITests */,
			);
		};
/* End PBXProject section */

/* Begin PBXResourcesBuildPhase section */
		2839E66720D40C8100453F60 /* Resources */ = {
			isa = PBXResourcesBuildPhase;
			buildActionMask = 2147483647;
			files = (
				2839E67720D40C8200453F60 /* LaunchScreen.storyboard in Resources */,
				2839E67420D40C8200453F60 /* Assets.xcassets in Resources */,
				2839E67220D40C8100453F60 /* Main.storyboard in Resources */,
			);
			runOnlyForDeploymentPostprocessing = 0;
		};
		2839E67B20D40C8300453F60 /* Resources */ = {
			isa = PBXResourcesBuildPhase;
			buildActionMask = 2147483647;
			files = (
			);
			runOnlyForDeploymentPostprocessing = 0;
		};
		2839E68620D40C8300453F60 /* Resources */ = {
			isa = PBXResourcesBuildPhase;
			buildActionMask = 2147483647;
			files = (
			);
			runOnlyForDeploymentPostprocessing = 0;
		};
/* End PBXResourcesBuildPhase section */

/* Begin PBXSourcesBuildPhase section */
		2839E66520D40C8100453F60 /* Sources */ = {
			isa = PBXSourcesBuildPhase;
			buildActionMask = 2147483647;
			files = (
				2839E66F20D40C8100453F60 /* ViewController.swift in Sources */,
				2839E66D20D40C8100453F60 /* AppDelegate.swift in Sources */,
			);
			runOnlyForDeploymentPostprocessing = 0;
		};
		2839E67920D40C8300453F60 /* Sources */ = {
			isa = PBXSourcesBuildPhase;
			buildActionMask = 2147483647;
			files = (
				2839E68220D40C8300453F60 /* IOSWithRealmDatabaseTests.swift in Sources */,
			);
			runOnlyForDeploymentPostprocessing = 0;
		};
		2839E68420D40C8300453F60 /* Sources */ = {
			isa = PBXSourcesBuildPhase;
			buildActionMask = 2147483647;
			files = (
				2839E68D20D40C8300453F60 /* IOSWithRealmDatabaseUITests.swift in Sources */,
			);
			runOnlyForDeploymentPostprocessing = 0;
		};
/* End PBXSourcesBuildPhase section */

/* Begin PBXTargetDependency section */
		2839E67F20D40C8300453F60 /* PBXTargetDependency */ = {
			isa = PBXTargetDependency;
			target = 2839E66820D40C8100453F60 /* IOSWithRealmDatabase */;
			targetProxy = 2839E67E20D40C8300453F60 /* PBXContainerItemProxy */;
		};
		2839E68A20D40C8300453F60 /* PBXTargetDependency */ = {
			isa = PBXTargetDependency;
			target = 2839E66820D40C8100453F60 /* IOSWithRealmDatabase */;
			targetProxy = 2839E68920D40C8300453F60 /* PBXContainerItemProxy */;
		};
/* End PBXTargetDependency section */

/* Begin PBXVariantGroup section */
		2839E67020D40C8100453F60 /* Main.storyboard */ = {
			isa = PBXVariantGroup;
			children = (
				2839E67120D40C8100453F60 /* Base */,
			);
			name = Main.storyboard;
			sourceTree = "<group>";
		};
		2839E67520D40C8200453F60 /* LaunchScreen.storyboard */ = {
			isa = PBXVariantGroup;
			children = (
				2839E67620D40C8200453F60 /* Base */,
			);
			name = LaunchScreen.storyboard;
			sourceTree = "<group>";
		};
/* End PBXVariantGroup section */

/* Begin XCBuildConfiguration section */
		2839E68F20D40C8300453F60 /* Debug */ = {
			isa = XCBuildConfiguration;
			buildSettings = {
				ALWAYS_SEARCH_USER_PATHS = NO;
				CLANG_ANALYZER_NONNULL = YES;
				CLANG_ANALYZER_NUMBER_OBJECT_CONVERSION = YES_AGGRESSIVE;
				CLANG_CXX_LANGUAGE_STANDARD = "gnu++14";
				CLANG_CXX_LIBRARY = "libc++";
				CLANG_ENABLE_MODULES = YES;
				CLANG_ENABLE_OBJC_ARC = YES;
				CLANG_ENABLE_OBJC_WEAK = YES;
				CLANG_WARN_BLOCK_CAPTURE_AUTORELEASING = YES;
				CLANG_WARN_BOOL_CONVERSION = YES;
				CLANG_WARN_COMMA = YES;
				CLANG_WARN_CONSTANT_CONVERSION = YES;
				CLANG_WARN_DEPRECATED_OBJC_IMPLEMENTATIONS = YES;
				CLANG_WARN_DIRECT_OBJC_ISA_USAGE = YES_ERROR;
				CLANG_WARN_DOCUMENTATION_COMMENTS = YES;
				CLANG_WARN_EMPTY_BODY = YES;
				CLANG_WARN_ENUM_CONVERSION = YES;
				CLANG_WARN_INFINITE_RECURSION = YES;
				CLANG_WARN_INT_CONVERSION = YES;
				CLANG_WARN_NON_LITERAL_NULL_CONVERSION = YES;
				CLANG_WARN_OBJC_IMPLICIT_RETAIN_SELF = YES;
				CLANG_WARN_OBJC_LITERAL_CONVERSION = YES;
				CLANG_WARN_OBJC_ROOT_CLASS = YES_ERROR;
				CLANG_WARN_RANGE_LOOP_ANALYSIS = YES;
				CLANG_WARN_STRICT_PROTOTYPES = YES;
				CLANG_WARN_SUSPICIOUS_MOVE = YES;
				CLANG_WARN_UNGUARDED_AVAILABILITY = YES_AGGRESSIVE;
				CLANG_WARN_UNREACHABLE_CODE = YES;
				CLANG_WARN__DUPLICATE_METHOD_MATCH = YES;
				CODE_SIGN_IDENTITY = "iPhone Developer";
				COPY_PHASE_STRIP = NO;
				DEBUG_INFORMATION_FORMAT = dwarf;
				ENABLE_STRICT_OBJC_MSGSEND = YES;
				ENABLE_TESTABILITY = YES;
				GCC_C_LANGUAGE_STANDARD = gnu11;
				GCC_DYNAMIC_NO_PIC = NO;
				GCC_NO_COMMON_BLOCKS = YES;
				GCC_OPTIMIZATION_LEVEL = 0;
				GCC_PREPROCESSOR_DEFINITIONS = (
					"DEBUG=1",
					"$(inherited)",
				);
				GCC_WARN_64_TO_32_BIT_CONVERSION = YES;
				GCC_WARN_ABOUT_RETURN_TYPE = YES_ERROR;
				GCC_WARN_UNDECLARED_SELECTOR = YES;
				GCC_WARN_UNINITIALIZED_AUTOS = YES_AGGRESSIVE;
				GCC_WARN_UNUSED_FUNCTION = YES;
				GCC_WARN_UNUSED_VARIABLE = YES;
				IPHONEOS_DEPLOYMENT_TARGET = 11.4;
				MTL_ENABLE_DEBUG_INFO = YES;
				ONLY_ACTIVE_ARCH = YES;
				SDKROOT = iphoneos;
				SWIFT_ACTIVE_COMPILATION_CONDITIONS = DEBUG;
				SWIFT_OPTIMIZATION_LEVEL = "-Onone";
			};
			name = Debug;
		};
		2839E69020D40C8300453F60 /* Release */ = {
			isa = XCBuildConfiguration;
			buildSettings = {
				ALWAYS_SEARCH_USER_PATHS = NO;
				CLANG_ANALYZER_NONNULL = YES;
				CLANG_ANALYZER_NUMBER_OBJECT_CONVERSION = YES_AGGRESSIVE;
				CLANG_CXX_LANGUAGE_STANDARD = "gnu++14";
				CLANG_CXX_LIBRARY = "libc++";
				CLANG_ENABLE_MODULES = YES;
				CLANG_ENABLE_OBJC_ARC = YES;
				CLANG_ENABLE_OBJC_WEAK = YES;
				CLANG_WARN_BLOCK_CAPTURE_AUTORELEASING = YES;
				CLANG_WARN_BOOL_CONVERSION = YES;
				CLANG_WARN_COMMA = YES;
				CLANG_WARN_CONSTANT_CONVERSION = YES;
				CLANG_WARN_DEPRECATED_OBJC_IMPLEMENTATIONS = YES;
				CLANG_WARN_DIRECT_OBJC_ISA_USAGE = YES_ERROR;
				CLANG_WARN_DOCUMENTATION_COMMENTS = YES;
				CLANG_WARN_EMPTY_BODY = YES;
				CLANG_WARN_ENUM_CONVERSION = YES;
				CLANG_WARN_INFINITE_RECURSION = YES;
				CLANG_WARN_INT_CONVERSION = YES;
				CLANG_WARN_NON_LITERAL_NULL_CONVERSION = YES;
				CLANG_WARN_OBJC_IMPLICIT_RETAIN_SELF = YES;
				CLANG_WARN_OBJC_LITERAL_CONVERSION = YES;
				CLANG_WARN_OBJC_ROOT_CLASS = YES_ERROR;
				CLANG_WARN_RANGE_LOOP_ANALYSIS = YES;
				CLANG_WARN_STRICT_PROTOTYPES = YES;
				CLANG_WARN_SUSPICIOUS_MOVE = YES;
				CLANG_WARN_UNGUARDED_AVAILABILITY = YES_AGGRESSIVE;
				CLANG_WARN_UNREACHABLE_CODE = YES;
				CLANG_WARN__DUPLICATE_METHOD_MATCH = YES;
				CODE_SIGN_IDENTITY = "iPhone Developer";
				COPY_PHASE_STRIP = NO;
				DEBUG_INFORMATION_FORMAT = "dwarf-with-dsym";
				ENABLE_NS_ASSERTIONS = NO;
				ENABLE_STRICT_OBJC_MSGSEND = YES;
				GCC_C_LANGUAGE_STANDARD = gnu11;
				GCC_NO_COMMON_BLOCKS = YES;
				GCC_WARN_64_TO_32_BIT_CONVERSION = YES;
				GCC_WARN_ABOUT_RETURN_TYPE = YES_ERROR;
				GCC_WARN_UNDECLARED_SELECTOR = YES;
				GCC_WARN_UNINITIALIZED_AUTOS = YES_AGGRESSIVE;
				GCC_WARN_UNUSED_FUNCTION = YES;
				GCC_WARN_UNUSED_VARIABLE = YES;
				IPHONEOS_DEPLOYMENT_TARGET = 11.4;
				MTL_ENABLE_DEBUG_INFO = NO;
				SDKROOT = iphoneos;
				SWIFT_COMPILATION_MODE = wholemodule;
				SWIFT_OPTIMIZATION_LEVEL = "-O";
				VALIDATE_PRODUCT = YES;
			};
			name = Release;
		};
		2839E69220D40C8300453F60 /* Debug */ = {
			isa = XCBuildConfiguration;
			buildSettings = {
				ASSETCATALOG_COMPILER_APPICON_NAME = AppIcon;
				CODE_SIGN_STYLE = Automatic;
				INFOPLIST_FILE = IOSWithRealmDatabase/Info.plist;
				LD_RUNPATH_SEARCH_PATHS = (
					"$(inherited)",
					"@executable_path/Frameworks",
				);
				PRODUCT_BUNDLE_IDENTIFIER = co.tpcreative.IOSWithRealmDatabase;
				PRODUCT_NAME = "$(TARGET_NAME)";
				SWIFT_VERSION = 4.0;
				TARGETED_DEVICE_FAMILY = "1,2";
			};
			name = Debug;
		};
		2839E69320D40C8300453F60 /* Release */ = {
			isa = XCBuildConfiguration;
			buildSettings = {
				ASSETCATALOG_COMPILER_APPICON_NAME = AppIcon;
				CODE_SIGN_STYLE = Automatic;
				INFOPLIST_FILE = IOSWithRealmDatabase/Info.plist;
				LD_RUNPATH_SEARCH_PATHS = (
					"$(inherited)",
					"@executable_path/Frameworks",
				);
				PRODUCT_BUNDLE_IDENTIFIER = co.tpcreative.IOSWithRealmDatabase;
				PRODUCT_NAME = "$(TARGET_NAME)";
				SWIFT_VERSION = 4.0;
				TARGETED_DEVICE_FAMILY = "1,2";
			};
			name = Release;
		};
		2839E69520D40C8300453F60 /* Debug */ = {
			isa = XCBuildConfiguration;
			buildSettings = {
				ALWAYS_EMBED_SWIFT_STANDARD_LIBRARIES = YES;
				BUNDLE_LOADER = "$(TEST_HOST)";
				CODE_SIGN_STYLE = Automatic;
				INFOPLIST_FILE = IOSWithRealmDatabaseTests/Info.plist;
				LD_RUNPATH_SEARCH_PATHS = (
					"$(inherited)",
					"@executable_path/Frameworks",
					"@loader_path/Frameworks",
				);
				PRODUCT_BUNDLE_IDENTIFIER = co.tpcreative.IOSWithRealmDatabaseTests;
				PRODUCT_NAME = "$(TARGET_NAME)";
				SWIFT_VERSION = 4.0;
				TARGETED_DEVICE_FAMILY = "1,2";
				TEST_HOST = "$(BUILT_PRODUCTS_DIR)/IOSWithRealmDatabase.app/IOSWithRealmDatabase";
			};
			name = Debug;
		};
		2839E69620D40C8300453F60 /* Release */ = {
			isa = XCBuildConfiguration;
			buildSettings = {
				ALWAYS_EMBED_SWIFT_STANDARD_LIBRARIES = YES;
				BUNDLE_LOADER = "$(TEST_HOST)";
				CODE_SIGN_STYLE = Automatic;
				INFOPLIST_FILE = IOSWithRealmDatabaseTests/Info.plist;
				LD_RUNPATH_SEARCH_PATHS = (
					"$(inherited)",
					"@executable_path/Frameworks",
					"@loader_path/Frameworks",
				);
				PRODUCT_BUNDLE_IDENTIFIER = co.tpcreative.IOSWithRealmDatabaseTests;
				PRODUCT_NAME = "$(TARGET_NAME)";
				SWIFT_VERSION = 4.0;
				TARGETED_DEVICE_FAMILY = "1,2";
				TEST_HOST = "$(BUILT_PRODUCTS_DIR)/IOSWithRealmDatabase.app/IOSWithRealmDatabase";
			};
			name = Release;
		};
		2839E69820D40C8300453F60 /* Debug */ = {
			isa = XCBuildConfiguration;
			buildSettings = {
				ALWAYS_EMBED_SWIFT_STANDARD_LIBRARIES = YES;
				CODE_SIGN_STYLE = Automatic;
				INFOPLIST_FILE = IOSWithRealmDatabaseUITests/Info.plist;
				LD_RUNPATH_SEARCH_PATHS = (
					"$(inherited)",
					"@executable_path/Frameworks",
					"@loader_path/Frameworks",
				);
				PRODUCT_BUNDLE_IDENTIFIER = co.tpcreative.IOSWithRealmDatabaseUITests;
				PRODUCT_NAME = "$(TARGET_NAME)";
				SWIFT_VERSION = 4.0;
				TARGETED_DEVICE_FAMILY = "1,2";
				TEST_TARGET_NAME = IOSWithRealmDatabase;
			};
			name = Debug;
		};
		2839E69920D40C8300453F60 /* Release */ = {
			isa = XCBuildConfiguration;
			buildSettings = {
				ALWAYS_EMBED_SWIFT_STANDARD_LIBRARIES = YES;
				CODE_SIGN_STYLE = Automatic;
				INFOPLIST_FILE = IOSWithRealmDatabaseUITests/Info.plist;
				LD_RUNPATH_SEARCH_PATHS = (
					"$(inherited)",
					"@executable_path/Frameworks",
					"@loader_path/Frameworks",
				);
				PRODUCT_BUNDLE_IDENTIFIER = co.tpcreative.IOSWithRealmDatabaseUITests;
				PRODUCT_NAME = "$(TARGET_NAME)";
				SWIFT_VERSION = 4.0;
				TARGETED_DEVICE_FAMILY = "1,2";
				TEST_TARGET_NAME = IOSWithRealmDatabase;
			};
			name = Release;
		};
/* End XCBuildConfiguration section */

/* Begin XCConfigurationList section */
		2839E66420D40C8100453F60 /* Build configuration list for PBXProject "IOSWithRealmDatabase" */ = {
			isa = XCConfigurationList;
			buildConfigurations = (
				2839E68F20D40C8300453F60 /* Debug */,
				2839E69020D40C8300453F60 /* Release */,
			);
			defaultConfigurationIsVisible = 0;
			defaultConfigurationName = Release;
		};
		2839E69120D40C8300453F60 /* Build configuration list for PBXNativeTarget "IOSWithRealmDatabase" */ = {
			isa = XCConfigurationList;
			buildConfigurations = (
				2839E69220D40C8300453F60 /* Debug */,
				2839E69320D40C8300453F60 /* Release */,
			);
			defaultConfigurationIsVisible = 0;
			defaultConfigurationName = Release;
		};
		2839E69420D40C8300453F60 /* Build configuration list for PBXNativeTarget "IOSWithRealmDatabaseTests" */ = {
			isa = XCConfigurationList;
			buildConfigurations = (
				2839E69520D40C8300453F60 /* Debug */,
				2839E69620D40C8300453F60 /* Release */,
			);
			defaultConfigurationIsVisible = 0;
			defaultConfigurationName = Release;
		};
		2839E69720D40C8300453F60 /* Build configuration list for PBXNativeTarget "IOSWithRealmDatabaseUITests" */ = {
			isa = XCConfigurationList;
			buildConfigurations = (
				2839E69820D40C8300453F60 /* Debug */,
				2839E69920D40C8300453F60 /* Release */,
			);
			defaultConfigurationIsVisible = 0;
			defaultConfigurationName = Release;
		};
/* End XCConfigurationList section */
	};
	rootObject = 2839E66120D40C8100453F60 /* Project object */;
}
